
Microsoft Visual Studio Solution File, Format Version 12.00
# Visual Studio 15
VisualStudioVersion = 15.0.27428.2037
MinimumVisualStudioVersion = 10.0.40219.1
Project("{FAE04EC0-301F-11D3-BF4B-00C04F79EFBC}") = "EZ-HAC", "EZ-HAC\EZ-HAC.csproj", "{82C3508C-6345-4074-9FEC-8F70DF4D6906}"
EndProject
Project("{9A19103F-16F7-4668-BE54-9A1E7A4F7556}") = "LibHac", "LibHac\LibHac\LibHac.csproj", "{B5E85735-867A-43F5-A59C-326A1EB96DD9}"
EndProject
Global
	GlobalSection(SolutionConfigurationPlatforms) = preSolution
		Debug|Any CPU = Debug|Any CPU
		Release|Any CPU = Release|Any CPU
	EndGlobalSection
	GlobalSection(ProjectConfigurationPlatforms) = postSolution
		{82C3508C-6345-4074-9FEC-8F70DF4D6906}.Debug|Any CPU.ActiveCfg = Debug|Any CPU
		{82C3508C-6345-4074-9FEC-8F70DF4D6906}.Debug|Any CPU.Build.0 = Debug|Any CPU
		{82C3508C-6345-4074-9FEC-8F70DF4D6906}.Release|Any CPU.ActiveCfg = Release|Any CPU
		{82C3508C-6345-4074-9FEC-8F70DF4D6906}.Release|Any CPU.Build.0 = Release|Any CPU
		{B5E85735-867A-43F5-A59C-326A1EB96DD9}.Debug|Any CPU.ActiveCfg = Debug|Any CPU
		{B5E85735-867A-43F5-A59C-326A1EB96DD9}.Debug|Any CPU.Build.0 = Debug|Any CPU
		{B5E85735-867A-43F5-A59C-326A1EB96DD9}.Release|Any CPU.ActiveCfg = Release|Any CPU
		{B5E85735-867A-43F5-A59C-326A1EB96DD9}.Release|Any CPU.Build.0 = Release|Any CPU
	EndGlobalSection
	GlobalSection(SolutionProperties) = preSolution
		HideSolutionNode = FALSE
	EndGlobalSection
	GlobalSection(ExtensibilityGlobals) = postSolution
		SolutionGuid = {A3868029-28C5-49EA-979D-648553F891C6}
	EndGlobalSection
EndGlobal
